
Microsoft Visual Studio Solution File, Format Version 12.00
# Visual Studio 15
VisualStudioVersion = 15.0.27428.2015
MinimumVisualStudioVersion = 10.0.40219.1
Project("{FAE04EC0-301F-11D3-BF4B-00C04F79EFBC}") = "SpaceXComputer", "SpaceXComputer\SpaceXComputer.csproj", "{B03CD169-D919-4A8B-A746-FA8070D54A56}"
EndProject
Global
	GlobalSection(SolutionConfigurationPlatforms) = preSolution
		Debug|Any CPU = Debug|Any CPU
		Release|Any CPU = Release|Any CPU
	EndGlobalSection
	GlobalSection(ProjectConfigurationPlatforms) = postSolution
		{B03CD169-D919-4A8B-A746-FA8070D54A56}.Debug|Any CPU.ActiveCfg = Debug|Any CPU
		{B03CD169-D919-4A8B-A746-FA8070D54A56}.Debug|Any CPU.Build.0 = Debug|Any CPU
		{B03CD169-D919-4A8B-A746-FA8070D54A56}.Release|Any CPU.ActiveCfg = Release|Any CPU
		{B03CD169-D919-4A8B-A746-FA8070D54A56}.Release|Any CPU.Build.0 = Release|Any CPU
	EndGlobalSection
	GlobalSection(SolutionProperties) = preSolution
		HideSolutionNode = FALSE
	EndGlobalSection
	GlobalSection(ExtensibilityGlobals) = postSolution
		SolutionGuid = {C63F8AD9-FBC8-4068-8D06-12E0A3E9F166}
	EndGlobalSection
EndGlobal
